
Microsoft Visual Studio Solution File, Format Version 12.00
# Visual Studio Version 17
VisualStudioVersion = 17.3.32811.315
MinimumVisualStudioVersion = 10.0.40219.1
Project("{9A19103F-16F7-4668-BE54-9A1E7A4F7556}") = "UC7", "UC7.csproj", "{E1E1F8BF-20C2-42E3-8242-054E53E681A5}"
EndProject
Project("{FAE04EC0-301F-11D3-BF4B-00C04F79EFBC}") = "UC7.Tests", "..\UC7.Tests\UC7.Tests.csproj", "{2398AB15-F20A-4670-B58A-4CFE7830FF6F}"
EndProject
Global
	GlobalSection(SolutionConfigurationPlatforms) = preSolution
		Debug|Any CPU = Debug|Any CPU
		Release|Any CPU = Release|Any CPU
	EndGlobalSection
	GlobalSection(ProjectConfigurationPlatforms) = postSolution
		{E1E1F8BF-20C2-42E3-8242-054E53E681A5}.Debug|Any CPU.ActiveCfg = Debug|Any CPU
		{E1E1F8BF-20C2-42E3-8242-054E53E681A5}.Debug|Any CPU.Build.0 = Debug|Any CPU
		{E1E1F8BF-20C2-42E3-8242-054E53E681A5}.Release|Any CPU.ActiveCfg = Release|Any CPU
		{E1E1F8BF-20C2-42E3-8242-054E53E681A5}.Release|Any CPU.Build.0 = Release|Any CPU
		{2398AB15-F20A-4670-B58A-4CFE7830FF6F}.Debug|Any CPU.ActiveCfg = Debug|Any CPU
		{2398AB15-F20A-4670-B58A-4CFE7830FF6F}.Debug|Any CPU.Build.0 = Debug|Any CPU
		{2398AB15-F20A-4670-B58A-4CFE7830FF6F}.Release|Any CPU.ActiveCfg = Release|Any CPU
		{2398AB15-F20A-4670-B58A-4CFE7830FF6F}.Release|Any CPU.Build.0 = Release|Any CPU
	EndGlobalSection
	GlobalSection(SolutionProperties) = preSolution
		HideSolutionNode = FALSE
	EndGlobalSection
	GlobalSection(ExtensibilityGlobals) = postSolution
		SolutionGuid = {CABD76A0-837F-4A61-9B2A-9DAA8FDCFDB4}
	EndGlobalSection
EndGlobal
